
Microsoft Visual Studio Solution File, Format Version 12.00
# Visual Studio 15
VisualStudioVersion = 15.0.28307.852
MinimumVisualStudioVersion = 10.0.40219.1
Project("{FAE04EC0-301F-11D3-BF4B-00C04F79EFBC}") = "FileStuff", "FIleStuff\FileStuff.csproj", "{A0D0B8D4-CF1B-4D0F-B35F-C63FDFF6153A}"
EndProject
Global
	GlobalSection(SolutionConfigurationPlatforms) = preSolution
		Debug|Any CPU = Debug|Any CPU
		Release|Any CPU = Release|Any CPU
	EndGlobalSection
	GlobalSection(ProjectConfigurationPlatforms) = postSolution
		{A0D0B8D4-CF1B-4D0F-B35F-C63FDFF6153A}.Debug|Any CPU.ActiveCfg = Debug|Any CPU
		{A0D0B8D4-CF1B-4D0F-B35F-C63FDFF6153A}.Debug|Any CPU.Build.0 = Debug|Any CPU
		{A0D0B8D4-CF1B-4D0F-B35F-C63FDFF6153A}.Release|Any CPU.ActiveCfg = Release|Any CPU
		{A0D0B8D4-CF1B-4D0F-B35F-C63FDFF6153A}.Release|Any CPU.Build.0 = Release|Any CPU
	EndGlobalSection
	GlobalSection(SolutionProperties) = preSolution
		HideSolutionNode = FALSE
	EndGlobalSection
	GlobalSection(ExtensibilityGlobals) = postSolution
		SolutionGuid = {41C93A66-DB1F-4477-9857-3A88727C68C4}
	EndGlobalSection
EndGlobal
